
Microsoft Visual Studio Solution File, Format Version 12.00
# Visual Studio Version 16
VisualStudioVersion = 16.0.32602.291
MinimumVisualStudioVersion = 10.0.40219.1
Project("{9A19103F-16F7-4668-BE54-9A1E7A4F7556}") = "BookListRazor", "BookListRazor\BookListRazor.csproj", "{0EDA82A6-E000-4C4E-8FC7-76D33136CED4}"
EndProject
Global
	GlobalSection(SolutionConfigurationPlatforms) = preSolution
		Debug|Any CPU = Debug|Any CPU
		Release|Any CPU = Release|Any CPU
	EndGlobalSection
	GlobalSection(ProjectConfigurationPlatforms) = postSolution
		{0EDA82A6-E000-4C4E-8FC7-76D33136CED4}.Debug|Any CPU.ActiveCfg = Debug|Any CPU
		{0EDA82A6-E000-4C4E-8FC7-76D33136CED4}.Debug|Any CPU.Build.0 = Debug|Any CPU
		{0EDA82A6-E000-4C4E-8FC7-76D33136CED4}.Release|Any CPU.ActiveCfg = Release|Any CPU
		{0EDA82A6-E000-4C4E-8FC7-76D33136CED4}.Release|Any CPU.Build.0 = Release|Any CPU
	EndGlobalSection
	GlobalSection(SolutionProperties) = preSolution
		HideSolutionNode = FALSE
	EndGlobalSection
	GlobalSection(ExtensibilityGlobals) = postSolution
		SolutionGuid = {FE0D938D-0B94-4A47-9904-E235262F85D2}
	EndGlobalSection
EndGlobal
